// !$*UTF8*$!
{
	archiveVersion = 1;
	classes = {
	};
	objectVersion = 46;
	objects = {

/* Begin PBXBuildFile section */
		FF28C67E1BF0431500C50BC6 /* main.m in Sources */ = {isa = PBXBuildFile; fileRef = FF28C67D1BF0431500C50BC6 /* main.m */; };
		FF28C6811BF0431500C50BC6 /* AppDelegate.m in Sources */ = {isa = PBXBuildFile; fileRef = FF28C6801BF0431500C50BC6 /* AppDelegate.m */; };
		FF28C6841BF0431500C50BC6 /* ViewController.m in Sources */ = {isa = PBXBuildFile; fileRef = FF28C6831BF0431500C50BC6 /* ViewController.m */; };
		FF28C6871BF0431500C50BC6 /* Main.storyboard in Resources */ = {isa = PBXBuildFile; fileRef = FF28C6851BF0431500C50BC6 /* Main.storyboard */; };
		FF28C68A1BF0431500C50BC6 /* FolderTableView.xcdatamodeld in Sources */ = {isa = PBXBuildFile; fileRef = FF28C6881BF0431500C50BC6 /* FolderTableView.xcdatamodeld */; };
		FF28C68C1BF0431500C50BC6 /* Assets.xcassets in Resources */ = {isa = PBXBuildFile; fileRef = FF28C68B1BF0431500C50BC6 /* Assets.xcassets */; };
		FF28C68F1BF0431500C50BC6 /* LaunchScreen.storyboard in Resources */ = {isa = PBXBuildFile; fileRef = FF28C68D1BF0431500C50BC6 /* LaunchScreen.storyboard */; };
		FF28C6981BF0486F00C50BC6 /* DetailViewController.m in Sources */ = {isa = PBXBuildFile; fileRef = FF28C6971BF0486F00C50BC6 /* DetailViewController.m */; };
		FFF4252E1C06F52D006F513E /* HPFolderAnimation.m in Sources */ = {isa = PBXBuildFile; fileRef = FFF4252B1C06F52D006F513E /* HPFolderAnimation.m */; };
		FFF4252F1C06F52D006F513E /* UIView+ViewExt.m in Sources */ = {isa = PBXBuildFile; fileRef = FFF4252D1C06F52D006F513E /* UIView+ViewExt.m */; };
/* End PBXBuildFile section */

/* Begin PBXFileReference section */
		FF28C6791BF0431500C50BC6 /* HPFolderTableView.app */ = {isa = PBXFileReference; explicitFileType = wrapper.application; includeInIndex = 0; path = HPFolderTableView.app; sourceTree = BUILT_PRODUCTS_DIR; };
		FF28C67D1BF0431500C50BC6 /* main.m */ = {isa = PBXFileReference; lastKnownFileType = sourcecode.c.objc; path = main.m; sourceTree = "<group>"; };
		FF28C67F1BF0431500C50BC6 /* AppDelegate.h */ = {isa = PBXFileReference; lastKnownFileType = sourcecode.c.h; path = AppDelegate.h; sourceTree = "<group>"; };
		FF28C6801BF0431500C50BC6 /* AppDelegate.m */ = {isa = PBXFileReference; lastKnownFileType = sourcecode.c.objc; path = AppDelegate.m; sourceTree = "<group>"; };
		FF28C6821BF0431500C50BC6 /* ViewController.h */ = {isa = PBXFileReference; lastKnownFileType = sourcecode.c.h; path = ViewController.h; sourceTree = "<group>"; };
		FF28C6831BF0431500C50BC6 /* ViewController.m */ = {isa = PBXFileReference; lastKnownFileType = sourcecode.c.objc; path = ViewController.m; sourceTree = "<group>"; };
		FF28C6861BF0431500C50BC6 /* Base */ = {isa = PBXFileReference; lastKnownFileType = file.storyboard; name = Base; path = Base.lproj/Main.storyboard; sourceTree = "<group>"; };
		FF28C6891BF0431500C50BC6 /* FolderTableView.xcdatamodel */ = {isa = PBXFileReference; lastKnownFileType = wrapper.xcdatamodel; path = FolderTableView.xcdatamodel; sourceTree = "<group>"; };
		FF28C68B1BF0431500C50BC6 /* Assets.xcassets */ = {isa = PBXFileReference; lastKnownFileType = folder.assetcatalog; path = Assets.xcassets; sourceTree = "<group>"; };
		FF28C68E1BF0431500C50BC6 /* Base */ = {isa = PBXFileReference; lastKnownFileType = file.storyboard; name = Base; path = Base.lproj/LaunchScreen.storyboard; sourceTree = "<group>"; };
		FF28C6901BF0431500C50BC6 /* Info.plist */ = {isa = PBXFileReference; lastKnownFileType = text.plist.xml; path = Info.plist; sourceTree = "<group>"; };
		FF28C6961BF0486F00C50BC6 /* DetailViewController.h */ = {isa = PBXFileReference; fileEncoding = 4; lastKnownFileType = sourcecode.c.h; path = DetailViewController.h; sourceTree = "<group>"; };
		FF28C6971BF0486F00C50BC6 /* DetailViewController.m */ = {isa = PBXFileReference; fileEncoding = 4; lastKnownFileType = sourcecode.c.objc; path = DetailViewController.m; sourceTree = "<group>"; };
		FFF4252A1C06F52D006F513E /* HPFolderAnimation.h */ = {isa = PBXFileReference; fileEncoding = 4; lastKnownFileType = sourcecode.c.h; path = HPFolderAnimation.h; sourceTree = "<group>"; };
		FFF4252B1C06F52D006F513E /* HPFolderAnimation.m */ = {isa = PBXFileReference; fileEncoding = 4; lastKnownFileType = sourcecode.c.objc; path = HPFolderAnimation.m; sourceTree = "<group>"; };
		FFF4252C1C06F52D006F513E /* UIView+ViewExt.h */ = {isa = PBXFileReference; fileEncoding = 4; lastKnownFileType = sourcecode.c.h; path = "UIView+ViewExt.h"; sourceTree = "<group>"; };
		FFF4252D1C06F52D006F513E /* UIView+ViewExt.m */ = {isa = PBXFileReference; fileEncoding = 4; lastKnownFileType = sourcecode.c.objc; path = "UIView+ViewExt.m"; sourceTree = "<group>"; };
/* End PBXFileReference section */

/* Begin PBXFrameworksBuildPhase section */
		FF28C6761BF0431500C50BC6 /* Frameworks */ = {
			isa = PBXFrameworksBuildPhase;
			buildActionMask = 2147483647;
			files = (
			);
			runOnlyForDeploymentPostprocessing = 0;
		};
/* End PBXFrameworksBuildPhase section */

/* Begin PBXGroup section */
		FF28C6701BF0431500C50BC6 = {
			isa = PBXGroup;
			children = (
				FF28C67B1BF0431500C50BC6 /* FolderTableView */,
				FF28C67A1BF0431500C50BC6 /* Products */,
			);
			sourceTree = "<group>";
		};
		FF28C67A1BF0431500C50BC6 /* Products */ = {
			isa = PBXGroup;
			children = (
				FF28C6791BF0431500C50BC6 /* HPFolderTableView.app */,
			);
			name = Products;
			sourceTree = "<group>";
		};
		FF28C67B1BF0431500C50BC6 /* FolderTableView */ = {
			isa = PBXGroup;
			children = (
				FFF425291C06F52D006F513E /* AnimationClasses */,
				FF28C67F1BF0431500C50BC6 /* AppDelegate.h */,
				FF28C6801BF0431500C50BC6 /* AppDelegate.m */,
				FF28C6821BF0431500C50BC6 /* ViewController.h */,
				FF28C6831BF0431500C50BC6 /* ViewController.m */,
				FF28C6961BF0486F00C50BC6 /* DetailViewController.h */,
				FF28C6971BF0486F00C50BC6 /* DetailViewController.m */,
				FF28C6851BF0431500C50BC6 /* Main.storyboard */,
				FF28C68B1BF0431500C50BC6 /* Assets.xcassets */,
				FF28C68D1BF0431500C50BC6 /* LaunchScreen.storyboard */,
				FF28C6901BF0431500C50BC6 /* Info.plist */,
				FF28C6881BF0431500C50BC6 /* FolderTableView.xcdatamodeld */,
				FF28C67C1BF0431500C50BC6 /* Supporting Files */,
			);
			path = FolderTableView;
			sourceTree = "<group>";
		};
		FF28C67C1BF0431500C50BC6 /* Supporting Files */ = {
			isa = PBXGroup;
			children = (
				FF28C67D1BF0431500C50BC6 /* main.m */,
			);
			name = "Supporting Files";
			sourceTree = "<group>";
		};
		FFF425291C06F52D006F513E /* AnimationClasses */ = {
			isa = PBXGroup;
			children = (
				FFF4252A1C06F52D006F513E /* HPFolderAnimation.h */,
				FFF4252B1C06F52D006F513E /* HPFolderAnimation.m */,
				FFF4252C1C06F52D006F513E /* UIView+ViewExt.h */,
				FFF4252D1C06F52D006F513E /* UIView+ViewExt.m */,
			);
			path = AnimationClasses;
			sourceTree = "<group>";
		};
/* End PBXGroup section */

/* Begin PBXNativeTarget section */
		FF28C6781BF0431500C50BC6 /* HPFolderTableView */ = {
			isa = PBXNativeTarget;
			buildConfigurationList = FF28C6931BF0431500C50BC6 /* Build configuration list for PBXNativeTarget "HPFolderTableView" */;
			buildPhases = (
				FF28C6751BF0431500C50BC6 /* Sources */,
				FF28C6761BF0431500C50BC6 /* Frameworks */,
				FF28C6771BF0431500C50BC6 /* Resources */,
			);
			buildRules = (
			);
			dependencies = (
			);
			name = HPFolderTableView;
			productName = FolderTableView;
			productReference = FF28C6791BF0431500C50BC6 /* HPFolderTableView.app */;
			productType = "com.apple.product-type.application";
		};
/* End PBXNativeTarget section */

/* Begin PBXProject section */
		FF28C6711BF0431500C50BC6 /* Project object */ = {
			isa = PBXProject;
			attributes = {
				LastUpgradeCheck = 0710;
				ORGANIZATIONNAME = "Hu, Peng";
				TargetAttributes = {
					FF28C6781BF0431500C50BC6 = {
						CreatedOnToolsVersion = 7.1;
					};
				};
			};
			buildConfigurationList = FF28C6741BF0431500C50BC6 /* Build configuration list for PBXProject "HPFolderTableView" */;
			compatibilityVersion = "Xcode 3.2";
			developmentRegion = English;
			hasScannedForEncodings = 0;
			knownRegions = (
				en,
				Base,
			);
			mainGroup = FF28C6701BF0431500C50BC6;
			productRefGroup = FF28C67A1BF0431500C50BC6 /* Products */;
			projectDirPath = "";
			projectRoot = "";
			targets = (
				FF28C6781BF0431500C50BC6 /* HPFolderTableView */,
			);
		};
/* End PBXProject section */

/* Begin PBXResourcesBuildPhase section */
		FF28C6771BF0431500C50BC6 /* Resources */ = {
			isa = PBXResourcesBuildPhase;
			buildActionMask = 2147483647;
			files = (
				FF28C68F1BF0431500C50BC6 /* LaunchScreen.storyboard in Resources */,
				FF28C68C1BF0431500C50BC6 /* Assets.xcassets in Resources */,
				FF28C6871BF0431500C50BC6 /* Main.storyboard in Resources */,
			);
			runOnlyForDeploymentPostprocessing = 0;
		};
/* End PBXResourcesBuildPhase section */

/* Begin PBXSourcesBuildPhase section */
		FF28C6751BF0431500C50BC6 /* Sources */ = {
			isa = PBXSourcesBuildPhase;
			buildActionMask = 2147483647;
			files = (
				FF28C6981BF0486F00C50BC6 /* DetailViewController.m in Sources */,
				FFF4252F1C06F52D006F513E /* UIView+ViewExt.m in Sources */,
				FF28C6841BF0431500C50BC6 /* ViewController.m in Sources */,
				FF28C6811BF0431500C50BC6 /* AppDelegate.m in Sources */,
				FF28C67E1BF0431500C50BC6 /* main.m in Sources */,
				FFF4252E1C06F52D006F513E /* HPFolderAnimation.m in Sources */,
				FF28C68A1BF0431500C50BC6 /* FolderTableView.xcdatamodeld in Sources */,
			);
			runOnlyForDeploymentPostprocessing = 0;
		};
/* End PBXSourcesBuildPhase section */

/* Begin PBXVariantGroup section */
		FF28C6851BF0431500C50BC6 /* Main.storyboard */ = {
			isa = PBXVariantGroup;
			children = (
				FF28C6861BF0431500C50BC6 /* Base */,
			);
			name = Main.storyboard;
			sourceTree = "<group>";
		};
		FF28C68D1BF0431500C50BC6 /* LaunchScreen.storyboard */ = {
			isa = PBXVariantGroup;
			children = (
				FF28C68E1BF0431500C50BC6 /* Base */,
			);
			name = LaunchScreen.storyboard;
			sourceTree = "<group>";
		};
/* End PBXVariantGroup section */

/* Begin XCBuildConfiguration section */
		FF28C6911BF0431500C50BC6 /* Debug */ = {
			isa = XCBuildConfiguration;
			buildSettings = {
				ALWAYS_SEARCH_USER_PATHS = NO;
				CLANG_CXX_LANGUAGE_STANDARD = "gnu++0x";
				CLANG_CXX_LIBRARY = "libc++";
				CLANG_ENABLE_MODULES = YES;
				CLANG_ENABLE_OBJC_ARC = YES;
				CLANG_WARN_BOOL_CONVERSION = YES;
				CLANG_WARN_CONSTANT_CONVERSION = YES;
				CLANG_WARN_DIRECT_OBJC_ISA_USAGE = YES_ERROR;
				CLANG_WARN_EMPTY_BODY = YES;
				CLANG_WARN_ENUM_CONVERSION = YES;
				CLANG_WARN_INT_CONVERSION = YES;
				CLANG_WARN_OBJC_ROOT_CLASS = YES_ERROR;
				CLANG_WARN_UNREACHABLE_CODE = YES;
				CLANG_WARN__DUPLICATE_METHOD_MATCH = YES;
				"CODE_SIGN_IDENTITY[sdk=iphoneos*]" = "iPhone Developer";
				COPY_PHASE_STRIP = NO;
				DEBUG_INFORMATION_FORMAT = dwarf;
				ENABLE_STRICT_OBJC_MSGSEND = YES;
				ENABLE_TESTABILITY = YES;
				GCC_C_LANGUAGE_STANDARD = gnu99;
				GCC_DYNAMIC_NO_PIC = NO;
				GCC_NO_COMMON_BLOCKS = YES;
				GCC_OPTIMIZATION_LEVEL = 0;
				GCC_PREPROCESSOR_DEFINITIONS = (
					"DEBUG=1",
					"$(inherited)",
				);
				GCC_WARN_64_TO_32_BIT_CONVERSION = YES;
				GCC_WARN_ABOUT_RETURN_TYPE = YES_ERROR;
				GCC_WARN_UNDECLARED_SELECTOR = YES;
				GCC_WARN_UNINITIALIZED_AUTOS = YES_AGGRESSIVE;
				GCC_WARN_UNUSED_FUNCTION = YES;
				GCC_WARN_UNUSED_VARIABLE = YES;
				IPHONEOS_DEPLOYMENT_TARGET = 9.1;
				MTL_ENABLE_DEBUG_INFO = YES;
				ONLY_ACTIVE_ARCH = YES;
				SDKROOT = iphoneos;
				TARGETED_DEVICE_FAMILY = "1,2";
			};
			name = Debug;
		};
		FF28C6921BF0431500C50BC6 /* Release */ = {
			isa = XCBuildConfiguration;
			buildSettings = {
				ALWAYS_SEARCH_USER_PATHS = NO;
				CLANG_CXX_LANGUAGE_STANDARD = "gnu++0x";
				CLANG_CXX_LIBRARY = "libc++";
				CLANG_ENABLE_MODULES = YES;
				CLANG_ENABLE_OBJC_ARC = YES;
				CLANG_WARN_BOOL_CONVERSION = YES;
				CLANG_WARN_CONSTANT_CONVERSION = YES;
				CLANG_WARN_DIRECT_OBJC_ISA_USAGE = YES_ERROR;
				CLANG_WARN_EMPTY_BODY = YES;
				CLANG_WARN_ENUM_CONVERSION = YES;
				CLANG_WARN_INT_CONVERSION = YES;
				CLANG_WARN_OBJC_ROOT_CLASS = YES_ERROR;
				CLANG_WARN_UNREACHABLE_CODE = YES;
				CLANG_WARN__DUPLICATE_METHOD_MATCH = YES;
				"CODE_SIGN_IDENTITY[sdk=iphoneos*]" = "iPhone Developer";
				COPY_PHASE_STRIP = NO;
				DEBUG_INFORMATION_FORMAT = "dwarf-with-dsym";
				ENABLE_NS_ASSERTIONS = NO;
				ENABLE_STRICT_OBJC_MSGSEND = YES;
				GCC_C_LANGUAGE_STANDARD = gnu99;
				GCC_NO_COMMON_BLOCKS = YES;
				GCC_WARN_64_TO_32_BIT_CONVERSION = YES;
				GCC_WARN_ABOUT_RETURN_TYPE = YES_ERROR;
				GCC_WARN_UNDECLARED_SELECTOR = YES;
				GCC_WARN_UNINITIALIZED_AUTOS = YES_AGGRESSIVE;
				GCC_WARN_UNUSED_FUNCTION = YES;
				GCC_WARN_UNUSED_VARIABLE = YES;
				IPHONEOS_DEPLOYMENT_TARGET = 9.1;
				MTL_ENABLE_DEBUG_INFO = NO;
				SDKROOT = iphoneos;
				TARGETED_DEVICE_FAMILY = "1,2";
				VALIDATE_PRODUCT = YES;
			};
			name = Release;
		};
		FF28C6941BF0431500C50BC6 /* Debug */ = {
			isa = XCBuildConfiguration;
			buildSettings = {
				ASSETCATALOG_COMPILER_APPICON_NAME = AppIcon;
				INFOPLIST_FILE = FolderTableView/Info.plist;
				LD_RUNPATH_SEARCH_PATHS = "$(inherited) @executable_path/Frameworks";
				PRODUCT_BUNDLE_IDENTIFIER = SAP.FolderTableView;
				PRODUCT_NAME = HPFolderTableView;
			};
			name = Debug;
		};
		FF28C6951BF0431500C50BC6 /* Release */ = {
			isa = XCBuildConfiguration;
			buildSettings = {
				ASSETCATALOG_COMPILER_APPICON_NAME = AppIcon;
				INFOPLIST_FILE = FolderTableView/Info.plist;
				LD_RUNPATH_SEARCH_PATHS = "$(inherited) @executable_path/Frameworks";
				PRODUCT_BUNDLE_IDENTIFIER = SAP.FolderTableView;
				PRODUCT_NAME = HPFolderTableView;
			};
			name = Release;
		};
/* End XCBuildConfiguration section */

/* Begin XCConfigurationList section */
		FF28C6741BF0431500C50BC6 /* Build configuration list for PBXProject "HPFolderTableView" */ = {
			isa = XCConfigurationList;
			buildConfigurations = (
				FF28C6911BF0431500C50BC6 /* Debug */,
				FF28C6921BF0431500C50BC6 /* Release */,
			);
			defaultConfigurationIsVisible = 0;
			defaultConfigurationName = Release;
		};
		FF28C6931BF0431500C50BC6 /* Build configuration list for PBXNativeTarget "HPFolderTableView" */ = {
			isa = XCConfigurationList;
			buildConfigurations = (
				FF28C6941BF0431500C50BC6 /* Debug */,
				FF28C6951BF0431500C50BC6 /* Release */,
			);
			defaultConfigurationIsVisible = 0;
			defaultConfigurationName = Release;
		};
/* End XCConfigurationList section */

/* Begin XCVersionGroup section */
		FF28C6881BF0431500C50BC6 /* FolderTableView.xcdatamodeld */ = {
			isa = XCVersionGroup;
			children = (
				FF28C6891BF0431500C50BC6 /* FolderTableView.xcdatamodel */,
			);
			currentVersion = FF28C6891BF0431500C50BC6 /* FolderTableView.xcdatamodel */;
			path = FolderTableView.xcdatamodeld;
			sourceTree = "<group>";
			versionGroupType = wrapper.xcdatamodel;
		};
/* End XCVersionGroup section */
	};
	rootObject = FF28C6711BF0431500C50BC6 /* Project object */;
}
